{
  "nodes": {
    "applejag-dinkur-src": {
      "flake": false,
      "locked": {
        "lastModified": 1677593540,
        "narHash": "sha256-F9MHJ+sZEiBAdk38LFww7d+k7cuhDF/6+bZ+dC1eygc=",
        "owner": "applejag",
        "repo": "dinkur",
        "rev": "d280c18d51a19298aee01239fa4a9cc7beadfbd8",
        "type": "github"
      },
      "original": {
        "owner": "applejag",
        "repo": "dinkur",
        "type": "github"
      }
    },
    "applejag-dinkur-statusline-src": {
      "flake": false,
      "locked": {
        "lastModified": 1694587217,
        "narHash": "sha256-EiUDmDiYOGZ31p3M6W1lM9yZYU6k4ACG5GSOmCGok2s=",
        "owner": "applejag",
        "repo": "dinkur-statusline",
        "rev": "d7f9c7ec70a4a3357428ab5da116e3fdbfc588ca",
        "type": "github"
      },
      "original": {
        "owner": "applejag",
        "repo": "dinkur-statusline",
        "type": "github"
      }
    },
    "applejag-rootless-personio-src": {
      "flake": false,
      "locked": {
        "lastModified": 1736408444,
        "narHash": "sha256-nMU8Z2VlK3gyXady3CgtytpsZ4FC0MDkwAopV1SSVtk=",
        "owner": "applejag",
        "repo": "rootless-personio",
        "rev": "671db06f030d3dbad6410b0783459d5b84fb9147",
        "type": "github"
      },
      "original": {
        "owner": "applejag",
        "repo": "rootless-personio",
        "type": "github"
      }
    },
    "applejag-showksec-src": {
      "flake": false,
      "locked": {
        "lastModified": 1713962570,
        "narHash": "sha256-3HgpZB67q113hWtBzpoS97R7KUu/ZQH1Zu3eDpC8gN0=",
        "owner": "applejag",
        "repo": "showksec",
        "rev": "c84fde1054ded63fe2d6f529c9e63603c51fd63d",
        "type": "github"
      },
      "original": {
        "owner": "applejag",
        "repo": "showksec",
        "type": "github"
      }
    },
    "flake-compat": {
      "flake": false,
      "locked": {
        "lastModified": 1746162366,
        "narHash": "sha256-5SSSZ/oQkwfcAz/o/6TlejlVGqeK08wyREBQ5qFFPhM=",
        "owner": "nix-community",
        "repo": "flake-compat",
        "rev": "0f158086a2ecdbb138cd0429410e44994f1b7e4b",
        "type": "github"
      },
      "original": {
        "owner": "nix-community",
        "repo": "flake-compat",
        "type": "github"
      }
    },
    "flake-programs-sqlite": {
      "inputs": {
        "nixpkgs": [
          "nixpkgs"
        ],
        "utils": "utils"
      },
      "locked": {
        "lastModified": 1758672946,
        "narHash": "sha256-iWwmIrcquswf0+aDb6q6QYBlP5RlLPighfHRcr4s7Kg=",
        "owner": "wamserma",
        "repo": "flake-programs-sqlite",
        "rev": "89097cc557f886e8ae123367c2e3bfd0d680b884",
        "type": "github"
      },
      "original": {
        "owner": "wamserma",
        "repo": "flake-programs-sqlite",
        "type": "github"
      }
    },
    "helm-values-schema-json": {
      "inputs": {
        "helm-values-schema-json-src": "helm-values-schema-json-src",
        "nixpkgs": [
          "nixpkgs-unstable"
        ]
      },
      "locked": {
        "path": "flakes/helm-values-schema-json",
        "type": "path"
      },
      "original": {
        "path": "flakes/helm-values-schema-json",
        "type": "path"
      },
      "parent": []
    },
    "helm-values-schema-json-src": {
      "flake": false,
      "locked": {
        "lastModified": 1756642746,
        "narHash": "sha256-q5A+tCnuHTtUyejP4flID7XhsoBfWGge2jCgsL0uEOc=",
        "owner": "losisin",
        "repo": "helm-values-schema-json",
        "rev": "5f22cd9c7d71c6bb028bf301b6a73fbfe5e4c8cf",
        "type": "github"
      },
      "original": {
        "owner": "losisin",
        "ref": "v2.3.0",
        "repo": "helm-values-schema-json",
        "type": "github"
      }
    },
    "home-manager": {
      "inputs": {
        "nixpkgs": [
          "nixpkgs"
        ]
      },
      "locked": {
        "lastModified": 1758463745,
        "narHash": "sha256-uhzsV0Q0I9j2y/rfweWeGif5AWe0MGrgZ/3TjpDYdGA=",
        "owner": "nix-community",
        "repo": "home-manager",
        "rev": "3b955f5f0a942f9f60cdc9cacb7844335d0f21c3",
        "type": "github"
      },
      "original": {
        "owner": "nix-community",
        "ref": "release-25.05",
        "repo": "home-manager",
        "type": "github"
      }
    },
    "home-manager_2": {
      "inputs": {
        "nixpkgs": [
          "zen-browser",
          "nixpkgs"
        ]
      },
      "locked": {
        "lastModified": 1752603129,
        "narHash": "sha256-S+wmHhwNQ5Ru689L2Gu8n1OD6s9eU9n9mD827JNR+kw=",
        "owner": "nix-community",
        "repo": "home-manager",
        "rev": "e8c19a3cec2814c754f031ab3ae7316b64da085b",
        "type": "github"
      },
      "original": {
        "owner": "nix-community",
        "repo": "home-manager",
        "type": "github"
      }
    },
    "jadolg-szero-src": {
      "flake": false,
      "locked": {
        "lastModified": 1758538618,
        "narHash": "sha256-UJoYYmDqQ7zU6naVorZLsy6MwHqUPVoiMUSDMOeBjB0=",
        "owner": "jadolg",
        "repo": "szero",
        "rev": "a6f482cf4147d1fc863f6bcd5caa4567ab69c7e4",
        "type": "github"
      },
      "original": {
        "owner": "jadolg",
        "repo": "szero",
        "type": "github"
      }
    },
    "nixos-cosmic": {
      "inputs": {
        "flake-compat": "flake-compat",
        "nixpkgs": [
          "nixpkgs-unstable"
        ],
        "nixpkgs-stable": "nixpkgs-stable",
        "rust-overlay": "rust-overlay"
      },
      "locked": {
        "lastModified": 1751591814,
        "narHash": "sha256-A4lgvuj4v+Pr8MniXz1FBG0DXOygi8tTECR+j53FMhM=",
        "owner": "lilyinstarlight",
        "repo": "nixos-cosmic",
        "rev": "fef2d0c78c4e4d6c600a88795af193131ff51bdc",
        "type": "github"
      },
      "original": {
        "owner": "lilyinstarlight",
        "repo": "nixos-cosmic",
        "type": "github"
      }
    },
    "nixos-hardware": {
      "locked": {
        "lastModified": 1758663926,
        "narHash": "sha256-6CFdj7Xs616t1W4jLDH7IohAAvl5Dyib3qEv/Uqw1rk=",
        "owner": "NixOS",
        "repo": "nixos-hardware",
        "rev": "170ff93c860b2a9868ed1e1102d4e52cb3d934e1",
        "type": "github"
      },
      "original": {
        "id": "nixos-hardware",
        "ref": "master",
        "type": "indirect"
      }
    },
    "nixpkgs": {
      "locked": {
        "lastModified": 1758589230,
        "narHash": "sha256-zMTCFGe8aVGTEr2RqUi/QzC1nOIQ0N1HRsbqB4f646k=",
        "owner": "NixOS",
        "repo": "nixpkgs",
        "rev": "d1d883129b193f0b495d75c148c2c3a7d95789a0",
        "type": "github"
      },
      "original": {
        "id": "nixpkgs",
        "ref": "nixos-25.05",
        "type": "indirect"
      }
    },
    "nixpkgs-master": {
      "locked": {
        "lastModified": 1758694210,
        "narHash": "sha256-iciE+TtUKHGaV308ySXyWTt5NNGEkkBYTRSE4JVE3bY=",
        "owner": "NixOS",
        "repo": "nixpkgs",
        "rev": "336d69562c3a0c9a041fbeea88c944367efbed84",
        "type": "github"
      },
      "original": {
        "id": "nixpkgs",
        "ref": "master",
        "type": "indirect"
      }
    },
    "nixpkgs-stable": {
      "locked": {
        "lastModified": 1751048012,
        "narHash": "sha256-MYbotu4UjWpTsq01wglhN5xDRfZYLFtNk7SBY0BcjkU=",
        "owner": "NixOS",
        "repo": "nixpkgs",
        "rev": "a684c58d46ebbede49f280b653b9e56100aa3877",
        "type": "github"
      },
      "original": {
        "owner": "NixOS",
        "ref": "nixos-24.11",
        "repo": "nixpkgs",
        "type": "github"
      }
    },
    "nixpkgs-unstable": {
      "locked": {
        "lastModified": 1758427187,
        "narHash": "sha256-pHpxZ/IyCwoTQPtFIAG2QaxuSm8jWzrzBGjwQZIttJc=",
        "owner": "NixOS",
        "repo": "nixpkgs",
        "rev": "554be6495561ff07b6c724047bdd7e0716aa7b46",
        "type": "github"
      },
      "original": {
        "id": "nixpkgs",
        "ref": "nixos-unstable",
        "type": "indirect"
      }
    },
    "root": {
      "inputs": {
        "applejag-dinkur-src": "applejag-dinkur-src",
        "applejag-dinkur-statusline-src": "applejag-dinkur-statusline-src",
        "applejag-rootless-personio-src": "applejag-rootless-personio-src",
        "applejag-showksec-src": "applejag-showksec-src",
        "flake-programs-sqlite": "flake-programs-sqlite",
        "helm-values-schema-json": "helm-values-schema-json",
        "home-manager": "home-manager",
        "jadolg-szero-src": "jadolg-szero-src",
        "nixos-cosmic": "nixos-cosmic",
        "nixos-hardware": "nixos-hardware",
        "nixpkgs": "nixpkgs",
        "nixpkgs-master": "nixpkgs-master",
        "nixpkgs-unstable": "nixpkgs-unstable",
        "zen-browser": "zen-browser"
      }
    },
    "rust-overlay": {
      "inputs": {
        "nixpkgs": [
          "nixos-cosmic",
          "nixpkgs"
        ]
      },
      "locked": {
        "lastModified": 1751251399,
        "narHash": "sha256-y+viCuy/eKKpkX1K2gDvXIJI/yzvy6zA3HObapz9XZ0=",
        "owner": "oxalica",
        "repo": "rust-overlay",
        "rev": "b22d5ee8c60ed1291521f2dde48784edd6bf695b",
        "type": "github"
      },
      "original": {
        "owner": "oxalica",
        "repo": "rust-overlay",
        "type": "github"
      }
    },
    "utils": {
      "locked": {
        "lastModified": 1678901627,
        "narHash": "sha256-U02riOqrKKzwjsxc/400XnElV+UtPUQWpANPlyazjH0=",
        "owner": "numtide",
        "repo": "flake-utils",
        "rev": "93a2b84fc4b70d9e089d029deacc3583435c2ed6",
        "type": "github"
      },
      "original": {
        "owner": "numtide",
        "repo": "flake-utils",
        "type": "github"
      }
    },
    "zen-browser": {
      "inputs": {
        "home-manager": "home-manager_2",
        "nixpkgs": [
          "nixpkgs-unstable"
        ]
      },
      "locked": {
        "lastModified": 1759810989,
        "narHash": "sha256-QZGjGBps8DLx56+60m1nAaJihNZZXoggtB76nCE7nks=",
        "owner": "0xc000022070",
        "repo": "zen-browser-flake",
        "rev": "a36d0113a80d1b70511192bbefdfa30303f05fab",
        "type": "github"
      },
      "original": {
        "owner": "0xc000022070",
        "repo": "zen-browser-flake",
        "type": "github"
      }
    }
  },
  "root": "root",
  "version": 7
}
