{
  "nodes": {
    "applejag-dinkur-src": {
      "flake": false,
      "locked": {
        "lastModified": 1677593540,
        "narHash": "sha256-F9MHJ+sZEiBAdk38LFww7d+k7cuhDF/6+bZ+dC1eygc=",
        "owner": "applejag",
        "repo": "dinkur",
        "rev": "d280c18d51a19298aee01239fa4a9cc7beadfbd8",
        "type": "github"
      },
      "original": {
        "owner": "applejag",
        "repo": "dinkur",
        "type": "github"
      }
    },
    "applejag-dinkur-statusline-src": {
      "flake": false,
      "locked": {
        "lastModified": 1694587217,
        "narHash": "sha256-EiUDmDiYOGZ31p3M6W1lM9yZYU6k4ACG5GSOmCGok2s=",
        "owner": "applejag",
        "repo": "dinkur-statusline",
        "rev": "d7f9c7ec70a4a3357428ab5da116e3fdbfc588ca",
        "type": "github"
      },
      "original": {
        "owner": "applejag",
        "repo": "dinkur-statusline",
        "type": "github"
      }
    },
    "applejag-rootless-personio-src": {
      "flake": false,
      "locked": {
        "lastModified": 1720103739,
        "narHash": "sha256-PnGqZAlRFppukbN6A5FyeQofRJ55b9t3weMC7wR9ut8=",
        "owner": "applejag",
        "repo": "rootless-personio",
        "rev": "a59c5747ba9a72eb4fba2e1e500970146ac7ca73",
        "type": "github"
      },
      "original": {
        "owner": "applejag",
        "repo": "rootless-personio",
        "type": "github"
      }
    },
    "applejag-showksec-src": {
      "flake": false,
      "locked": {
        "lastModified": 1713962570,
        "narHash": "sha256-3HgpZB67q113hWtBzpoS97R7KUu/ZQH1Zu3eDpC8gN0=",
        "owner": "applejag",
        "repo": "showksec",
        "rev": "c84fde1054ded63fe2d6f529c9e63603c51fd63d",
        "type": "github"
      },
      "original": {
        "owner": "applejag",
        "repo": "showksec",
        "type": "github"
      }
    },
    "flake-compat": {
      "flake": false,
      "locked": {
        "lastModified": 1717312683,
        "narHash": "sha256-FrlieJH50AuvagamEvWMIE6D2OAnERuDboFDYAED/dE=",
        "owner": "nix-community",
        "repo": "flake-compat",
        "rev": "38fd3954cf65ce6faf3d0d45cd26059e059f07ea",
        "type": "github"
      },
      "original": {
        "owner": "nix-community",
        "repo": "flake-compat",
        "type": "github"
      }
    },
    "flake-programs-sqlite": {
      "inputs": {
        "nixpkgs": [
          "nixpkgs"
        ],
        "utils": "utils"
      },
      "locked": {
        "lastModified": 1733123042,
        "narHash": "sha256-XNl32ncefNH1XCr7Md27YicDc0dew4Sxmk2AN+DfROw=",
        "owner": "wamserma",
        "repo": "flake-programs-sqlite",
        "rev": "942d6a7accc6c31ac4ddc03a66c510b0ad10fdc1",
        "type": "github"
      },
      "original": {
        "owner": "wamserma",
        "repo": "flake-programs-sqlite",
        "type": "github"
      }
    },
    "home-manager": {
      "inputs": {
        "nixpkgs": [
          "nixpkgs"
        ]
      },
      "locked": {
        "lastModified": 1733133928,
        "narHash": "sha256-gU40r9AfpIr4eq+0noM8yH1Hxf+EA3dqfIpFtQl8Y1E=",
        "owner": "nix-community",
        "repo": "home-manager",
        "rev": "873e39d5f4437d2f3ab06881fea8e63e45e1d011",
        "type": "github"
      },
      "original": {
        "owner": "nix-community",
        "ref": "master",
        "repo": "home-manager",
        "type": "github"
      }
    },
    "nixos-cosmic": {
      "inputs": {
        "flake-compat": "flake-compat",
        "nixpkgs": [
          "nixpkgs-unstable"
        ],
        "nixpkgs-stable": "nixpkgs-stable",
        "rust-overlay": "rust-overlay"
      },
      "locked": {
        "lastModified": 1733095793,
        "narHash": "sha256-woqkmcGxOleK1RyoZpXU3NaC4+epr2qYau2mVhVQFjY=",
        "owner": "lilyinstarlight",
        "repo": "nixos-cosmic",
        "rev": "e468c8b79dd55f1ce8803887d3593fb0016f1f81",
        "type": "github"
      },
      "original": {
        "owner": "lilyinstarlight",
        "repo": "nixos-cosmic",
        "type": "github"
      }
    },
    "nixos-hardware": {
      "locked": {
        "lastModified": 1733139194,
        "narHash": "sha256-PVQW9ovo0CJbhuhCsrhFJGGdD1euwUornspKpBIgdok=",
        "owner": "NixOS",
        "repo": "nixos-hardware",
        "rev": "c6c90887f84c02ce9ebf33b95ca79ef45007bf88",
        "type": "github"
      },
      "original": {
        "id": "nixos-hardware",
        "ref": "master",
        "type": "indirect"
      }
    },
    "nixpkgs": {
      "locked": {
        "lastModified": 1733016324,
        "narHash": "sha256-8qwPSE2g1othR1u4uP86NXxm6i7E9nHPyJX3m3lx7Q4=",
        "owner": "NixOS",
        "repo": "nixpkgs",
        "rev": "7e1ca67996afd8233d9033edd26e442836cc2ad6",
        "type": "github"
      },
      "original": {
        "id": "nixpkgs",
        "ref": "nixos-24.05",
        "type": "indirect"
      }
    },
    "nixpkgs-master": {
      "locked": {
        "lastModified": 1733142508,
        "narHash": "sha256-iRRfXwejM4QImgyhjuTy5c5S8oLDVj+Obce82aqSKLI=",
        "owner": "NixOS",
        "repo": "nixpkgs",
        "rev": "d3da67a1ac0e741410c2ce52cda7eaefb07bdb3c",
        "type": "github"
      },
      "original": {
        "id": "nixpkgs",
        "ref": "master",
        "type": "indirect"
      }
    },
    "nixpkgs-stable": {
      "locked": {
        "lastModified": 1732749044,
        "narHash": "sha256-T38FQOg0BV5M8FN1712fovzNakSOENEYs+CSkg31C9Y=",
        "owner": "NixOS",
        "repo": "nixpkgs",
        "rev": "0c5b4ecbed5b155b705336aa96d878e55acd8685",
        "type": "github"
      },
      "original": {
        "owner": "NixOS",
        "ref": "nixos-24.05",
        "repo": "nixpkgs",
        "type": "github"
      }
    },
    "nixpkgs-unstable": {
      "locked": {
        "lastModified": 1733015953,
        "narHash": "sha256-t4BBVpwG9B4hLgc6GUBuj3cjU7lP/PJfpTHuSqE+crk=",
        "owner": "NixOS",
        "repo": "nixpkgs",
        "rev": "ac35b104800bff9028425fec3b6e8a41de2bbfff",
        "type": "github"
      },
      "original": {
        "id": "nixpkgs",
        "ref": "nixos-unstable",
        "type": "indirect"
      }
    },
    "root": {
      "inputs": {
        "applejag-dinkur-src": "applejag-dinkur-src",
        "applejag-dinkur-statusline-src": "applejag-dinkur-statusline-src",
        "applejag-rootless-personio-src": "applejag-rootless-personio-src",
        "applejag-showksec-src": "applejag-showksec-src",
        "flake-programs-sqlite": "flake-programs-sqlite",
        "home-manager": "home-manager",
        "nixos-cosmic": "nixos-cosmic",
        "nixos-hardware": "nixos-hardware",
        "nixpkgs": "nixpkgs",
        "nixpkgs-master": "nixpkgs-master",
        "nixpkgs-unstable": "nixpkgs-unstable",
        "zen-browser": "zen-browser",
        "zig-src": "zig-src"
      }
    },
    "rust-overlay": {
      "inputs": {
        "nixpkgs": [
          "nixos-cosmic",
          "nixpkgs"
        ]
      },
      "locked": {
        "lastModified": 1732933841,
        "narHash": "sha256-dge02pUSe2QeC/B3PriA0R8eAX+EU3aDoXj9FcS3XDw=",
        "owner": "oxalica",
        "repo": "rust-overlay",
        "rev": "c65e91d4a33abc3bc4a892d3c5b5b378bad64ea1",
        "type": "github"
      },
      "original": {
        "owner": "oxalica",
        "repo": "rust-overlay",
        "type": "github"
      }
    },
    "utils": {
      "locked": {
        "lastModified": 1678901627,
        "narHash": "sha256-U02riOqrKKzwjsxc/400XnElV+UtPUQWpANPlyazjH0=",
        "owner": "numtide",
        "repo": "flake-utils",
        "rev": "93a2b84fc4b70d9e089d029deacc3583435c2ed6",
        "type": "github"
      },
      "original": {
        "owner": "numtide",
        "repo": "flake-utils",
        "type": "github"
      }
    },
    "zen-browser": {
      "inputs": {
        "nixpkgs": [
          "nixpkgs-unstable"
        ]
      },
      "locked": {
        "lastModified": 1732835488,
        "narHash": "sha256-r1nomBVEMO4I0y3pMfqLletQxKak5xfpk9DhlO1AsuI=",
        "owner": "ch4og",
        "repo": "zen-browser-flake",
        "rev": "d8fbf602685f5cf2a6475eaf20595a6dc6628891",
        "type": "github"
      },
      "original": {
        "owner": "ch4og",
        "repo": "zen-browser-flake",
        "type": "github"
      }
    },
    "zig-src": {
      "flake": false,
      "locked": {
        "lastModified": 1717700711,
        "narHash": "sha256-5qSiTq+UWGOwjDVZMIrAt2cDKHkyNPBSAEjpRQUByFM=",
        "owner": "ziglang",
        "repo": "zig",
        "rev": "cf90dfd3098bef5b3c22d5ab026173b3c357f2dd",
        "type": "github"
      },
      "original": {
        "owner": "ziglang",
        "ref": "0.13.0",
        "repo": "zig",
        "type": "github"
      }
    }
  },
  "root": "root",
  "version": 7
}
