{
  "nodes": {
    "helm-values-schema-json-src": {
      "flake": false,
      "locked": {
        "lastModified": 1752414164,
        "narHash": "sha256-CiH3N/Ji4KaJheqI0aTkt3GkJgalREAZgOfVM48oI2g=",
        "owner": "losisin",
        "repo": "helm-values-schema-json",
        "rev": "cda6e15ced5fa4ea684b6418ff9fdd411b49a374",
        "type": "github"
      },
      "original": {
        "owner": "losisin",
        "ref": "v2.2.0",
        "repo": "helm-values-schema-json",
        "type": "github"
      }
    },
    "nixpkgs": {
      "locked": {
        "lastModified": 1751655236,
        "narHash": "sha256-2QDfhYjPFui9iQNTXBLcbffWVWbYLntm9EM/eFU3kX8=",
        "owner": "NixOS",
        "repo": "nixpkgs",
        "rev": "e1dca425c33650ae9ea15e577012d49586f29cef",
        "type": "github"
      },
      "original": {
        "owner": "NixOS",
        "repo": "nixpkgs",
        "type": "github"
      }
    },
    "root": {
      "inputs": {
        "helm-values-schema-json-src": "helm-values-schema-json-src",
        "nixpkgs": "nixpkgs"
      }
    }
  },
  "root": "root",
  "version": 7
}
