{
  "nodes": {
    "helm-values-schema-json-src": {
      "flake": false,
      "locked": {
        "lastModified": 1750086670,
        "narHash": "sha256-MAvv6xk+v39+snRdAOJNfFBYdpzw8cSpcC2ZTfWMbmY=",
        "owner": "losisin",
        "repo": "helm-values-schema-json",
        "rev": "c04e6c4d0e3e6899999869e3f7aae8d4f059abff",
        "type": "github"
      },
      "original": {
        "owner": "losisin",
        "ref": "v2.1.0",
        "repo": "helm-values-schema-json",
        "type": "github"
      }
    },
    "nixpkgs": {
      "locked": {
        "lastModified": 1751655236,
        "narHash": "sha256-2QDfhYjPFui9iQNTXBLcbffWVWbYLntm9EM/eFU3kX8=",
        "owner": "NixOS",
        "repo": "nixpkgs",
        "rev": "e1dca425c33650ae9ea15e577012d49586f29cef",
        "type": "github"
      },
      "original": {
        "owner": "NixOS",
        "repo": "nixpkgs",
        "type": "github"
      }
    },
    "root": {
      "inputs": {
        "helm-values-schema-json-src": "helm-values-schema-json-src",
        "nixpkgs": "nixpkgs"
      }
    }
  },
  "root": "root",
  "version": 7
}
