{
  "nodes": {
    "helm-values-schema-json-src": {
      "flake": false,
      "locked": {
        "lastModified": 1749587199,
        "narHash": "sha256-rF9w5PRL9d2X+/TlrfbIUmYghW0Xgu84mhi94T4J90k=",
        "owner": "losisin",
        "repo": "helm-values-schema-json",
        "rev": "0793302c682da6b886f01fa7f7d04f5ad381bbb6",
        "type": "github"
      },
      "original": {
        "owner": "losisin",
        "ref": "v2.0.0",
        "repo": "helm-values-schema-json",
        "type": "github"
      }
    },
    "nixpkgs": {
      "locked": {
        "lastModified": 1749587175,
        "narHash": "sha256-zWnOUFA4MFT7YhJ5dT1e3dwJQPWkvZkmOPwzR1c0Mns=",
        "owner": "NixOS",
        "repo": "nixpkgs",
        "rev": "8e860188fd9d0a1f45cbdf8d1ffe33cb701616df",
        "type": "github"
      },
      "original": {
        "owner": "NixOS",
        "repo": "nixpkgs",
        "type": "github"
      }
    },
    "root": {
      "inputs": {
        "helm-values-schema-json-src": "helm-values-schema-json-src",
        "nixpkgs": "nixpkgs"
      }
    }
  },
  "root": "root",
  "version": 7
}
